
Microsoft Visual Studio Solution File, Format Version 12.00
# Visual Studio Version 17
VisualStudioVersion = 17.10.34916.146
MinimumVisualStudioVersion = 10.0.40219.1
Project("{FAE04EC0-301F-11D3-BF4B-00C04F79EFBC}") = "loops", "loops\loops.csproj", "{4E5EB6AE-AC50-4331-BE22-AA0F53DB7FBA}"
EndProject
Global
	GlobalSection(SolutionConfigurationPlatforms) = preSolution
		Debug|Any CPU = Debug|Any CPU
		Release|Any CPU = Release|Any CPU
	EndGlobalSection
	GlobalSection(ProjectConfigurationPlatforms) = postSolution
		{4E5EB6AE-AC50-4331-BE22-AA0F53DB7FBA}.Debug|Any CPU.ActiveCfg = Debug|Any CPU
		{4E5EB6AE-AC50-4331-BE22-AA0F53DB7FBA}.Debug|Any CPU.Build.0 = Debug|Any CPU
		{4E5EB6AE-AC50-4331-BE22-AA0F53DB7FBA}.Release|Any CPU.ActiveCfg = Release|Any CPU
		{4E5EB6AE-AC50-4331-BE22-AA0F53DB7FBA}.Release|Any CPU.Build.0 = Release|Any CPU
	EndGlobalSection
	GlobalSection(SolutionProperties) = preSolution
		HideSolutionNode = FALSE
	EndGlobalSection
	GlobalSection(ExtensibilityGlobals) = postSolution
		SolutionGuid = {7EF95DB7-BE82-4B11-BBD1-30E2B260A6DB}
	EndGlobalSection
EndGlobal
