
Microsoft Visual Studio Solution File, Format Version 12.00
# Visual Studio Version 17
VisualStudioVersion = 17.10.34916.146
MinimumVisualStudioVersion = 10.0.40219.1
Project("{FAE04EC0-301F-11D3-BF4B-00C04F79EFBC}") = "declaringvariables", "declaringvariables\declaringvariables.csproj", "{0F926FE4-365C-4D17-89C4-F71AA24D34D5}"
EndProject
Global
	GlobalSection(SolutionConfigurationPlatforms) = preSolution
		Debug|Any CPU = Debug|Any CPU
		Release|Any CPU = Release|Any CPU
	EndGlobalSection
	GlobalSection(ProjectConfigurationPlatforms) = postSolution
		{0F926FE4-365C-4D17-89C4-F71AA24D34D5}.Debug|Any CPU.ActiveCfg = Debug|Any CPU
		{0F926FE4-365C-4D17-89C4-F71AA24D34D5}.Debug|Any CPU.Build.0 = Debug|Any CPU
		{0F926FE4-365C-4D17-89C4-F71AA24D34D5}.Release|Any CPU.ActiveCfg = Release|Any CPU
		{0F926FE4-365C-4D17-89C4-F71AA24D34D5}.Release|Any CPU.Build.0 = Release|Any CPU
	EndGlobalSection
	GlobalSection(SolutionProperties) = preSolution
		HideSolutionNode = FALSE
	EndGlobalSection
	GlobalSection(ExtensibilityGlobals) = postSolution
		SolutionGuid = {760FE356-FCFD-461F-9005-457A28A884FA}
	EndGlobalSection
EndGlobal
