
Microsoft Visual Studio Solution File, Format Version 12.00
# Visual Studio Version 17
VisualStudioVersion = 17.10.34916.146
MinimumVisualStudioVersion = 10.0.40219.1
Project("{FAE04EC0-301F-11D3-BF4B-00C04F79EFBC}") = "mathoperations", "mathoperations\mathoperations.csproj", "{E8BFDF5A-E602-4216-826F-F2448740FD98}"
EndProject
Global
	GlobalSection(SolutionConfigurationPlatforms) = preSolution
		Debug|Any CPU = Debug|Any CPU
		Release|Any CPU = Release|Any CPU
	EndGlobalSection
	GlobalSection(ProjectConfigurationPlatforms) = postSolution
		{E8BFDF5A-E602-4216-826F-F2448740FD98}.Debug|Any CPU.ActiveCfg = Debug|Any CPU
		{E8BFDF5A-E602-4216-826F-F2448740FD98}.Debug|Any CPU.Build.0 = Debug|Any CPU
		{E8BFDF5A-E602-4216-826F-F2448740FD98}.Release|Any CPU.ActiveCfg = Release|Any CPU
		{E8BFDF5A-E602-4216-826F-F2448740FD98}.Release|Any CPU.Build.0 = Release|Any CPU
	EndGlobalSection
	GlobalSection(SolutionProperties) = preSolution
		HideSolutionNode = FALSE
	EndGlobalSection
	GlobalSection(ExtensibilityGlobals) = postSolution
		SolutionGuid = {C03AADF8-DD38-45E0-8BCC-F81FD7D71067}
	EndGlobalSection
EndGlobal
